
Microsoft Visual Studio Solution File, Format Version 12.00
# Visual Studio Version 17
VisualStudioVersion = 17.0.31903.59
MinimumVisualStudioVersion = 10.0.40219.1
Project("{FAE04EC0-301F-11D3-BF4B-00C04F79EFBC}") = "MonitoringAppSOMA", "MonitoringAppSOMA\MonitoringAppSOMA.csproj", "{7E84E8A9-F89B-4123-99DF-3F884AA138CA}"
EndProject
Global
	GlobalSection(SolutionConfigurationPlatforms) = preSolution
		Debug|Any CPU = Debug|Any CPU
		Release|Any CPU = Release|Any CPU
	EndGlobalSection
	GlobalSection(ProjectConfigurationPlatforms) = postSolution
		{7E84E8A9-F89B-4123-99DF-3F884AA138CA}.Debug|Any CPU.ActiveCfg = Debug|Any CPU
		{7E84E8A9-F89B-4123-99DF-3F884AA138CA}.Debug|Any CPU.Build.0 = Debug|Any CPU
		{7E84E8A9-F89B-4123-99DF-3F884AA138CA}.Release|Any CPU.ActiveCfg = Release|Any CPU
		{7E84E8A9-F89B-4123-99DF-3F884AA138CA}.Release|Any CPU.Build.0 = Release|Any CPU
	EndGlobalSection
	GlobalSection(SolutionProperties) = preSolution
		HideSolutionNode = FALSE
	EndGlobalSection
	GlobalSection(ExtensibilityGlobals) = postSolution
		SolutionGuid = {9DC263E8-3E9F-45F8-87D2-B898D5B9DAB0}
	EndGlobalSection
EndGlobal
